// !$*UTF8*$!
{
	archiveVersion = 1;
	classes = {
	};
	objectVersion = 48;
	objects = {

/* Begin PBXBuildFile section */
		27A2067A1FB7B6C700974084 /* AppDelegate.swift in Sources */ = {isa = PBXBuildFile; fileRef = 27A206791FB7B6C700974084 /* AppDelegate.swift */; };
		27A2067C1FB7B6C700974084 /* ViewController.swift in Sources */ = {isa = PBXBuildFile; fileRef = 27A2067B1FB7B6C700974084 /* ViewController.swift */; };
		27A2067F1FB7B6C700974084 /* Main.storyboard in Resources */ = {isa = PBXBuildFile; fileRef = 27A2067D1FB7B6C700974084 /* Main.storyboard */; };
		27A206811FB7B6C700974084 /* Assets.xcassets in Resources */ = {isa = PBXBuildFile; fileRef = 27A206801FB7B6C700974084 /* Assets.xcassets */; };
		27A206841FB7B6C700974084 /* LaunchScreen.storyboard in Resources */ = {isa = PBXBuildFile; fileRef = 27A206821FB7B6C700974084 /* LaunchScreen.storyboard */; };
		27A2069A1FBA251600974084 /* AFURLResponseSerialization.m in Sources */ = {isa = PBXBuildFile; fileRef = 27A206911FBA251500974084 /* AFURLResponseSerialization.m */; };
		27A2069B1FBA251600974084 /* AFHTTPSessionManager.m in Sources */ = {isa = PBXBuildFile; fileRef = 27A206921FBA251500974084 /* AFHTTPSessionManager.m */; };
		27A2069C1FBA251600974084 /* AFURLSessionManager.m in Sources */ = {isa = PBXBuildFile; fileRef = 27A206941FBA251500974084 /* AFURLSessionManager.m */; };
		27A2069D1FBA251600974084 /* AFURLRequestSerialization.m in Sources */ = {isa = PBXBuildFile; fileRef = 27A206951FBA251500974084 /* AFURLRequestSerialization.m */; };
		27A2069E1FBA251600974084 /* AFNetworkReachabilityManager.m in Sources */ = {isa = PBXBuildFile; fileRef = 27A206971FBA251600974084 /* AFNetworkReachabilityManager.m */; };
		27A2069F1FBA251600974084 /* AFSecurityPolicy.m in Sources */ = {isa = PBXBuildFile; fileRef = 27A206981FBA251600974084 /* AFSecurityPolicy.m */; };
		27A426F51FBB945200265DBD /* UIProgressView+AFNetworking.m in Sources */ = {isa = PBXBuildFile; fileRef = 27A426E11FBB945100265DBD /* UIProgressView+AFNetworking.m */; };
		27A426F61FBB945200265DBD /* UIRefreshControl+AFNetworking.m in Sources */ = {isa = PBXBuildFile; fileRef = 27A426E31FBB945100265DBD /* UIRefreshControl+AFNetworking.m */; };
		27A426F71FBB945200265DBD /* AFNetworkActivityIndicatorManager.m in Sources */ = {isa = PBXBuildFile; fileRef = 27A426E61FBB945100265DBD /* AFNetworkActivityIndicatorManager.m */; };
		27A426F81FBB945200265DBD /* UIImageView+AFNetworking.m in Sources */ = {isa = PBXBuildFile; fileRef = 27A426EC1FBB945100265DBD /* UIImageView+AFNetworking.m */; };
		27A426F91FBB945200265DBD /* UIButton+AFNetworking.m in Sources */ = {isa = PBXBuildFile; fileRef = 27A426EF1FBB945100265DBD /* UIButton+AFNetworking.m */; };
		27A426FA1FBB945200265DBD /* UIActivityIndicatorView+AFNetworking.m in Sources */ = {isa = PBXBuildFile; fileRef = 27A426F01FBB945100265DBD /* UIActivityIndicatorView+AFNetworking.m */; };
		27A426FB1FBB945200265DBD /* UIWebView+AFNetworking.m in Sources */ = {isa = PBXBuildFile; fileRef = 27A426F11FBB945100265DBD /* UIWebView+AFNetworking.m */; };
		27A426FC1FBB945200265DBD /* AFAutoPurgingImageCache.m in Sources */ = {isa = PBXBuildFile; fileRef = 27A426F21FBB945100265DBD /* AFAutoPurgingImageCache.m */; };
		27A426FD1FBB945200265DBD /* AFImageDownloader.m in Sources */ = {isa = PBXBuildFile; fileRef = 27A426F41FBB945100265DBD /* AFImageDownloader.m */; };
/* End PBXBuildFile section */

/* Begin PBXFileReference section */
		27A206761FB7B6C700974084 /* Photo Search Example.app */ = {isa = PBXFileReference; explicitFileType = wrapper.application; includeInIndex = 0; path = "Photo Search Example.app"; sourceTree = BUILT_PRODUCTS_DIR; };
		27A206791FB7B6C700974084 /* AppDelegate.swift */ = {isa = PBXFileReference; lastKnownFileType = sourcecode.swift; path = AppDelegate.swift; sourceTree = "<group>"; };
		27A2067B1FB7B6C700974084 /* ViewController.swift */ = {isa = PBXFileReference; lastKnownFileType = sourcecode.swift; path = ViewController.swift; sourceTree = "<group>"; };
		27A2067E1FB7B6C700974084 /* Base */ = {isa = PBXFileReference; lastKnownFileType = file.storyboard; name = Base; path = Base.lproj/Main.storyboard; sourceTree = "<group>"; };
		27A206801FB7B6C700974084 /* Assets.xcassets */ = {isa = PBXFileReference; lastKnownFileType = folder.assetcatalog; path = Assets.xcassets; sourceTree = "<group>"; };
		27A206831FB7B6C700974084 /* Base */ = {isa = PBXFileReference; lastKnownFileType = file.storyboard; name = Base; path = Base.lproj/LaunchScreen.storyboard; sourceTree = "<group>"; };
		27A206851FB7B6C700974084 /* Info.plist */ = {isa = PBXFileReference; lastKnownFileType = text.plist.xml; path = Info.plist; sourceTree = "<group>"; };
		27A2068B1FB7BDAC00974084 /* bridge.h */ = {isa = PBXFileReference; lastKnownFileType = sourcecode.c.h; path = bridge.h; sourceTree = "<group>"; };
		27A2068D1FBA251500974084 /* AFSecurityPolicy.h */ = {isa = PBXFileReference; fileEncoding = 4; lastKnownFileType = sourcecode.c.h; path = AFSecurityPolicy.h; sourceTree = "<group>"; };
		27A2068E1FBA251500974084 /* AFNetworkReachabilityManager.h */ = {isa = PBXFileReference; fileEncoding = 4; lastKnownFileType = sourcecode.c.h; path = AFNetworkReachabilityManager.h; sourceTree = "<group>"; };
		27A2068F1FBA251500974084 /* AFURLSessionManager.h */ = {isa = PBXFileReference; fileEncoding = 4; lastKnownFileType = sourcecode.c.h; path = AFURLSessionManager.h; sourceTree = "<group>"; };
		27A206901FBA251500974084 /* AFURLRequestSerialization.h */ = {isa = PBXFileReference; fileEncoding = 4; lastKnownFileType = sourcecode.c.h; path = AFURLRequestSerialization.h; sourceTree = "<group>"; };
		27A206911FBA251500974084 /* AFURLResponseSerialization.m */ = {isa = PBXFileReference; fileEncoding = 4; lastKnownFileType = sourcecode.c.objc; path = AFURLResponseSerialization.m; sourceTree = "<group>"; };
		27A206921FBA251500974084 /* AFHTTPSessionManager.m */ = {isa = PBXFileReference; fileEncoding = 4; lastKnownFileType = sourcecode.c.objc; path = AFHTTPSessionManager.m; sourceTree = "<group>"; };
		27A206931FBA251500974084 /* AFURLResponseSerialization.h */ = {isa = PBXFileReference; fileEncoding = 4; lastKnownFileType = sourcecode.c.h; path = AFURLResponseSerialization.h; sourceTree = "<group>"; };
		27A206941FBA251500974084 /* AFURLSessionManager.m */ = {isa = PBXFileReference; fileEncoding = 4; lastKnownFileType = sourcecode.c.objc; path = AFURLSessionManager.m; sourceTree = "<group>"; };
		27A206951FBA251500974084 /* AFURLRequestSerialization.m */ = {isa = PBXFileReference; fileEncoding = 4; lastKnownFileType = sourcecode.c.objc; path = AFURLRequestSerialization.m; sourceTree = "<group>"; };
		27A206961FBA251600974084 /* AFNetworking.h */ = {isa = PBXFileReference; fileEncoding = 4; lastKnownFileType = sourcecode.c.h; path = AFNetworking.h; sourceTree = "<group>"; };
		27A206971FBA251600974084 /* AFNetworkReachabilityManager.m */ = {isa = PBXFileReference; fileEncoding = 4; lastKnownFileType = sourcecode.c.objc; path = AFNetworkReachabilityManager.m; sourceTree = "<group>"; };
		27A206981FBA251600974084 /* AFSecurityPolicy.m */ = {isa = PBXFileReference; fileEncoding = 4; lastKnownFileType = sourcecode.c.objc; path = AFSecurityPolicy.m; sourceTree = "<group>"; };
		27A206991FBA251600974084 /* AFHTTPSessionManager.h */ = {isa = PBXFileReference; fileEncoding = 4; lastKnownFileType = sourcecode.c.h; path = AFHTTPSessionManager.h; sourceTree = "<group>"; };
		27A426E11FBB945100265DBD /* UIProgressView+AFNetworking.m */ = {isa = PBXFileReference; fileEncoding = 4; lastKnownFileType = sourcecode.c.objc; path = "UIProgressView+AFNetworking.m"; sourceTree = "<group>"; };
		27A426E21FBB945100265DBD /* UIButton+AFNetworking.h */ = {isa = PBXFileReference; fileEncoding = 4; lastKnownFileType = sourcecode.c.h; path = "UIButton+AFNetworking.h"; sourceTree = "<group>"; };
		27A426E31FBB945100265DBD /* UIRefreshControl+AFNetworking.m */ = {isa = PBXFileReference; fileEncoding = 4; lastKnownFileType = sourcecode.c.objc; path = "UIRefreshControl+AFNetworking.m"; sourceTree = "<group>"; };
		27A426E41FBB945100265DBD /* UIImageView+AFNetworking.h */ = {isa = PBXFileReference; fileEncoding = 4; lastKnownFileType = sourcecode.c.h; path = "UIImageView+AFNetworking.h"; sourceTree = "<group>"; };
		27A426E51FBB945100265DBD /* AFImageDownloader.h */ = {isa = PBXFileReference; fileEncoding = 4; lastKnownFileType = sourcecode.c.h; path = AFImageDownloader.h; sourceTree = "<group>"; };
		27A426E61FBB945100265DBD /* AFNetworkActivityIndicatorManager.m */ = {isa = PBXFileReference; fileEncoding = 4; lastKnownFileType = sourcecode.c.objc; path = AFNetworkActivityIndicatorManager.m; sourceTree = "<group>"; };
		27A426E71FBB945100265DBD /* AFAutoPurgingImageCache.h */ = {isa = PBXFileReference; fileEncoding = 4; lastKnownFileType = sourcecode.c.h; path = AFAutoPurgingImageCache.h; sourceTree = "<group>"; };
		27A426E81FBB945100265DBD /* UIWebView+AFNetworking.h */ = {isa = PBXFileReference; fileEncoding = 4; lastKnownFileType = sourcecode.c.h; path = "UIWebView+AFNetworking.h"; sourceTree = "<group>"; };
		27A426E91FBB945100265DBD /* UIActivityIndicatorView+AFNetworking.h */ = {isa = PBXFileReference; fileEncoding = 4; lastKnownFileType = sourcecode.c.h; path = "UIActivityIndicatorView+AFNetworking.h"; sourceTree = "<group>"; };
		27A426EA1FBB945100265DBD /* UIImage+AFNetworking.h */ = {isa = PBXFileReference; fileEncoding = 4; lastKnownFileType = sourcecode.c.h; path = "UIImage+AFNetworking.h"; sourceTree = "<group>"; };
		27A426EB1FBB945100265DBD /* UIProgressView+AFNetworking.h */ = {isa = PBXFileReference; fileEncoding = 4; lastKnownFileType = sourcecode.c.h; path = "UIProgressView+AFNetworking.h"; sourceTree = "<group>"; };
		27A426EC1FBB945100265DBD /* UIImageView+AFNetworking.m */ = {isa = PBXFileReference; fileEncoding = 4; lastKnownFileType = sourcecode.c.objc; path = "UIImageView+AFNetworking.m"; sourceTree = "<group>"; };
		27A426ED1FBB945100265DBD /* UIKit+AFNetworking.h */ = {isa = PBXFileReference; fileEncoding = 4; lastKnownFileType = sourcecode.c.h; path = "UIKit+AFNetworking.h"; sourceTree = "<group>"; };
		27A426EE1FBB945100265DBD /* UIRefreshControl+AFNetworking.h */ = {isa = PBXFileReference; fileEncoding = 4; lastKnownFileType = sourcecode.c.h; path = "UIRefreshControl+AFNetworking.h"; sourceTree = "<group>"; };
		27A426EF1FBB945100265DBD /* UIButton+AFNetworking.m */ = {isa = PBXFileReference; fileEncoding = 4; lastKnownFileType = sourcecode.c.objc; path = "UIButton+AFNetworking.m"; sourceTree = "<group>"; };
		27A426F01FBB945100265DBD /* UIActivityIndicatorView+AFNetworking.m */ = {isa = PBXFileReference; fileEncoding = 4; lastKnownFileType = sourcecode.c.objc; path = "UIActivityIndicatorView+AFNetworking.m"; sourceTree = "<group>"; };
		27A426F11FBB945100265DBD /* UIWebView+AFNetworking.m */ = {isa = PBXFileReference; fileEncoding = 4; lastKnownFileType = sourcecode.c.objc; path = "UIWebView+AFNetworking.m"; sourceTree = "<group>"; };
		27A426F21FBB945100265DBD /* AFAutoPurgingImageCache.m */ = {isa = PBXFileReference; fileEncoding = 4; lastKnownFileType = sourcecode.c.objc; path = AFAutoPurgingImageCache.m; sourceTree = "<group>"; };
		27A426F31FBB945100265DBD /* AFNetworkActivityIndicatorManager.h */ = {isa = PBXFileReference; fileEncoding = 4; lastKnownFileType = sourcecode.c.h; path = AFNetworkActivityIndicatorManager.h; sourceTree = "<group>"; };
		27A426F41FBB945100265DBD /* AFImageDownloader.m */ = {isa = PBXFileReference; fileEncoding = 4; lastKnownFileType = sourcecode.c.objc; path = AFImageDownloader.m; sourceTree = "<group>"; };
/* End PBXFileReference section */

/* Begin PBXFrameworksBuildPhase section */
		27A206731FB7B6C700974084 /* Frameworks */ = {
			isa = PBXFrameworksBuildPhase;
			buildActionMask = 2147483647;
			files = (
			);
			runOnlyForDeploymentPostprocessing = 0;
		};
/* End PBXFrameworksBuildPhase section */

/* Begin PBXGroup section */
		27A2066D1FB7B6C700974084 = {
			isa = PBXGroup;
			children = (
				27A2068B1FB7BDAC00974084 /* bridge.h */,
				27A206781FB7B6C700974084 /* Photo Search Example */,
				27A206771FB7B6C700974084 /* Products */,
			);
			sourceTree = "<group>";
		};
		27A206771FB7B6C700974084 /* Products */ = {
			isa = PBXGroup;
			children = (
				27A206761FB7B6C700974084 /* Photo Search Example.app */,
			);
			name = Products;
			sourceTree = "<group>";
		};
		27A206781FB7B6C700974084 /* Photo Search Example */ = {
			isa = PBXGroup;
			children = (
				27A426E01FBB945100265DBD /* UIKit+AFNetworking */,
				27A2068C1FBA251500974084 /* AFNetworking */,
				27A206791FB7B6C700974084 /* AppDelegate.swift */,
				27A2067B1FB7B6C700974084 /* ViewController.swift */,
				27A2067D1FB7B6C700974084 /* Main.storyboard */,
				27A206801FB7B6C700974084 /* Assets.xcassets */,
				27A206821FB7B6C700974084 /* LaunchScreen.storyboard */,
				27A206851FB7B6C700974084 /* Info.plist */,
			);
			path = "Photo Search Example";
			sourceTree = "<group>";
		};
		27A2068C1FBA251500974084 /* AFNetworking */ = {
			isa = PBXGroup;
			children = (
				27A2068D1FBA251500974084 /* AFSecurityPolicy.h */,
				27A2068E1FBA251500974084 /* AFNetworkReachabilityManager.h */,
				27A2068F1FBA251500974084 /* AFURLSessionManager.h */,
				27A206901FBA251500974084 /* AFURLRequestSerialization.h */,
				27A206911FBA251500974084 /* AFURLResponseSerialization.m */,
				27A206921FBA251500974084 /* AFHTTPSessionManager.m */,
				27A206931FBA251500974084 /* AFURLResponseSerialization.h */,
				27A206941FBA251500974084 /* AFURLSessionManager.m */,
				27A206951FBA251500974084 /* AFURLRequestSerialization.m */,
				27A206961FBA251600974084 /* AFNetworking.h */,
				27A206971FBA251600974084 /* AFNetworkReachabilityManager.m */,
				27A206981FBA251600974084 /* AFSecurityPolicy.m */,
				27A206991FBA251600974084 /* AFHTTPSessionManager.h */,
			);
			path = AFNetworking;
			sourceTree = "<group>";
		};
		27A426E01FBB945100265DBD /* UIKit+AFNetworking */ = {
			isa = PBXGroup;
			children = (
				27A426E11FBB945100265DBD /* UIProgressView+AFNetworking.m */,
				27A426E21FBB945100265DBD /* UIButton+AFNetworking.h */,
				27A426E31FBB945100265DBD /* UIRefreshControl+AFNetworking.m */,
				27A426E41FBB945100265DBD /* UIImageView+AFNetworking.h */,
				27A426E51FBB945100265DBD /* AFImageDownloader.h */,
				27A426E61FBB945100265DBD /* AFNetworkActivityIndicatorManager.m */,
				27A426E71FBB945100265DBD /* AFAutoPurgingImageCache.h */,
				27A426E81FBB945100265DBD /* UIWebView+AFNetworking.h */,
				27A426E91FBB945100265DBD /* UIActivityIndicatorView+AFNetworking.h */,
				27A426EA1FBB945100265DBD /* UIImage+AFNetworking.h */,
				27A426EB1FBB945100265DBD /* UIProgressView+AFNetworking.h */,
				27A426EC1FBB945100265DBD /* UIImageView+AFNetworking.m */,
				27A426ED1FBB945100265DBD /* UIKit+AFNetworking.h */,
				27A426EE1FBB945100265DBD /* UIRefreshControl+AFNetworking.h */,
				27A426EF1FBB945100265DBD /* UIButton+AFNetworking.m */,
				27A426F01FBB945100265DBD /* UIActivityIndicatorView+AFNetworking.m */,
				27A426F11FBB945100265DBD /* UIWebView+AFNetworking.m */,
				27A426F21FBB945100265DBD /* AFAutoPurgingImageCache.m */,
				27A426F31FBB945100265DBD /* AFNetworkActivityIndicatorManager.h */,
				27A426F41FBB945100265DBD /* AFImageDownloader.m */,
			);
			path = "UIKit+AFNetworking";
			sourceTree = "<group>";
		};
/* End PBXGroup section */

/* Begin PBXNativeTarget section */
		27A206751FB7B6C700974084 /* Photo Search Example */ = {
			isa = PBXNativeTarget;
			buildConfigurationList = 27A206881FB7B6C700974084 /* Build configuration list for PBXNativeTarget "Photo Search Example" */;
			buildPhases = (
				27A206721FB7B6C700974084 /* Sources */,
				27A206731FB7B6C700974084 /* Frameworks */,
				27A206741FB7B6C700974084 /* Resources */,
			);
			buildRules = (
			);
			dependencies = (
			);
			name = "Photo Search Example";
			productName = "Photo Search Example";
			productReference = 27A206761FB7B6C700974084 /* Photo Search Example.app */;
			productType = "com.apple.product-type.application";
		};
/* End PBXNativeTarget section */

/* Begin PBXProject section */
		27A2066E1FB7B6C700974084 /* Project object */ = {
			isa = PBXProject;
			attributes = {
				LastSwiftUpdateCheck = 0910;
				LastUpgradeCheck = 0910;
				ORGANIZATIONNAME = "Carol Greenberg";
				TargetAttributes = {
					27A206751FB7B6C700974084 = {
						CreatedOnToolsVersion = 9.1;
						ProvisioningStyle = Automatic;
					};
				};
			};
			buildConfigurationList = 27A206711FB7B6C700974084 /* Build configuration list for PBXProject "Photo Search Example" */;
			compatibilityVersion = "Xcode 8.0";
			developmentRegion = en;
			hasScannedForEncodings = 0;
			knownRegions = (
				en,
				Base,
			);
			mainGroup = 27A2066D1FB7B6C700974084;
			productRefGroup = 27A206771FB7B6C700974084 /* Products */;
			projectDirPath = "";
			projectRoot = "";
			targets = (
				27A206751FB7B6C700974084 /* Photo Search Example */,
			);
		};
/* End PBXProject section */

/* Begin PBXResourcesBuildPhase section */
		27A206741FB7B6C700974084 /* Resources */ = {
			isa = PBXResourcesBuildPhase;
			buildActionMask = 2147483647;
			files = (
				27A206841FB7B6C700974084 /* LaunchScreen.storyboard in Resources */,
				27A206811FB7B6C700974084 /* Assets.xcassets in Resources */,
				27A2067F1FB7B6C700974084 /* Main.storyboard in Resources */,
			);
			runOnlyForDeploymentPostprocessing = 0;
		};
/* End PBXResourcesBuildPhase section */

/* Begin PBXSourcesBuildPhase section */
		27A206721FB7B6C700974084 /* Sources */ = {
			isa = PBXSourcesBuildPhase;
			buildActionMask = 2147483647;
			files = (
				27A2069C1FBA251600974084 /* AFURLSessionManager.m in Sources */,
				27A2067C1FB7B6C700974084 /* ViewController.swift in Sources */,
				27A426FB1FBB945200265DBD /* UIWebView+AFNetworking.m in Sources */,
				27A426FD1FBB945200265DBD /* AFImageDownloader.m in Sources */,
				27A426F61FBB945200265DBD /* UIRefreshControl+AFNetworking.m in Sources */,
				27A2069A1FBA251600974084 /* AFURLResponseSerialization.m in Sources */,
				27A426F71FBB945200265DBD /* AFNetworkActivityIndicatorManager.m in Sources */,
				27A2069E1FBA251600974084 /* AFNetworkReachabilityManager.m in Sources */,
				27A426FC1FBB945200265DBD /* AFAutoPurgingImageCache.m in Sources */,
				27A426FA1FBB945200265DBD /* UIActivityIndicatorView+AFNetworking.m in Sources */,
				27A426F51FBB945200265DBD /* UIProgressView+AFNetworking.m in Sources */,
				27A426F81FBB945200265DBD /* UIImageView+AFNetworking.m in Sources */,
				27A2069F1FBA251600974084 /* AFSecurityPolicy.m in Sources */,
				27A2069D1FBA251600974084 /* AFURLRequestSerialization.m in Sources */,
				27A2067A1FB7B6C700974084 /* AppDelegate.swift in Sources */,
				27A426F91FBB945200265DBD /* UIButton+AFNetworking.m in Sources */,
				27A2069B1FBA251600974084 /* AFHTTPSessionManager.m in Sources */,
			);
			runOnlyForDeploymentPostprocessing = 0;
		};
/* End PBXSourcesBuildPhase section */

/* Begin PBXVariantGroup section */
		27A2067D1FB7B6C700974084 /* Main.storyboard */ = {
			isa = PBXVariantGroup;
			children = (
				27A2067E1FB7B6C700974084 /* Base */,
			);
			name = Main.storyboard;
			sourceTree = "<group>";
		};
		27A206821FB7B6C700974084 /* LaunchScreen.storyboard */ = {
			isa = PBXVariantGroup;
			children = (
				27A206831FB7B6C700974084 /* Base */,
			);
			name = LaunchScreen.storyboard;
			sourceTree = "<group>";
		};
/* End PBXVariantGroup section */

/* Begin XCBuildConfiguration section */
		27A206861FB7B6C700974084 /* Debug */ = {
			isa = XCBuildConfiguration;
			buildSettings = {
				ALWAYS_SEARCH_USER_PATHS = NO;
				CLANG_ANALYZER_NONNULL = YES;
				CLANG_ANALYZER_NUMBER_OBJECT_CONVERSION = YES_AGGRESSIVE;
				CLANG_CXX_LANGUAGE_STANDARD = "gnu++14";
				CLANG_CXX_LIBRARY = "libc++";
				CLANG_ENABLE_MODULES = YES;
				CLANG_ENABLE_OBJC_ARC = YES;
				CLANG_WARN_BLOCK_CAPTURE_AUTORELEASING = YES;
				CLANG_WARN_BOOL_CONVERSION = YES;
				CLANG_WARN_COMMA = YES;
				CLANG_WARN_CONSTANT_CONVERSION = YES;
				CLANG_WARN_DIRECT_OBJC_ISA_USAGE = YES_ERROR;
				CLANG_WARN_DOCUMENTATION_COMMENTS = YES;
				CLANG_WARN_EMPTY_BODY = YES;
				CLANG_WARN_ENUM_CONVERSION = YES;
				CLANG_WARN_INFINITE_RECURSION = YES;
				CLANG_WARN_INT_CONVERSION = YES;
				CLANG_WARN_NON_LITERAL_NULL_CONVERSION = YES;
				CLANG_WARN_OBJC_LITERAL_CONVERSION = YES;
				CLANG_WARN_OBJC_ROOT_CLASS = YES_ERROR;
				CLANG_WARN_RANGE_LOOP_ANALYSIS = YES;
				CLANG_WARN_STRICT_PROTOTYPES = YES;
				CLANG_WARN_SUSPICIOUS_MOVE = YES;
				CLANG_WARN_UNGUARDED_AVAILABILITY = YES_AGGRESSIVE;
				CLANG_WARN_UNREACHABLE_CODE = YES;
				CLANG_WARN__DUPLICATE_METHOD_MATCH = YES;
				CODE_SIGN_IDENTITY = "iPhone Developer";
				COPY_PHASE_STRIP = NO;
				DEBUG_INFORMATION_FORMAT = dwarf;
				ENABLE_STRICT_OBJC_MSGSEND = YES;
				ENABLE_TESTABILITY = YES;
				GCC_C_LANGUAGE_STANDARD = gnu11;
				GCC_DYNAMIC_NO_PIC = NO;
				GCC_NO_COMMON_BLOCKS = YES;
				GCC_OPTIMIZATION_LEVEL = 0;
				GCC_PREPROCESSOR_DEFINITIONS = (
					"DEBUG=1",
					"$(inherited)",
				);
				GCC_WARN_64_TO_32_BIT_CONVERSION = YES;
				GCC_WARN_ABOUT_RETURN_TYPE = YES_ERROR;
				GCC_WARN_UNDECLARED_SELECTOR = YES;
				GCC_WARN_UNINITIALIZED_AUTOS = YES_AGGRESSIVE;
				GCC_WARN_UNUSED_FUNCTION = YES;
				GCC_WARN_UNUSED_VARIABLE = YES;
				IPHONEOS_DEPLOYMENT_TARGET = 11.1;
				MTL_ENABLE_DEBUG_INFO = YES;
				ONLY_ACTIVE_ARCH = YES;
				SDKROOT = iphoneos;
				SWIFT_ACTIVE_COMPILATION_CONDITIONS = DEBUG;
				SWIFT_OPTIMIZATION_LEVEL = "-Onone";
			};
			name = Debug;
		};
		27A206871FB7B6C700974084 /* Release */ = {
			isa = XCBuildConfiguration;
			buildSettings = {
				ALWAYS_SEARCH_USER_PATHS = NO;
				CLANG_ANALYZER_NONNULL = YES;
				CLANG_ANALYZER_NUMBER_OBJECT_CONVERSION = YES_AGGRESSIVE;
				CLANG_CXX_LANGUAGE_STANDARD = "gnu++14";
				CLANG_CXX_LIBRARY = "libc++";
				CLANG_ENABLE_MODULES = YES;
				CLANG_ENABLE_OBJC_ARC = YES;
				CLANG_WARN_BLOCK_CAPTURE_AUTORELEASING = YES;
				CLANG_WARN_BOOL_CONVERSION = YES;
				CLANG_WARN_COMMA = YES;
				CLANG_WARN_CONSTANT_CONVERSION = YES;
				CLANG_WARN_DIRECT_OBJC_ISA_USAGE = YES_ERROR;
				CLANG_WARN_DOCUMENTATION_COMMENTS = YES;
				CLANG_WARN_EMPTY_BODY = YES;
				CLANG_WARN_ENUM_CONVERSION = YES;
				CLANG_WARN_INFINITE_RECURSION = YES;
				CLANG_WARN_INT_CONVERSION = YES;
				CLANG_WARN_NON_LITERAL_NULL_CONVERSION = YES;
				CLANG_WARN_OBJC_LITERAL_CONVERSION = YES;
				CLANG_WARN_OBJC_ROOT_CLASS = YES_ERROR;
				CLANG_WARN_RANGE_LOOP_ANALYSIS = YES;
				CLANG_WARN_STRICT_PROTOTYPES = YES;
				CLANG_WARN_SUSPICIOUS_MOVE = YES;
				CLANG_WARN_UNGUARDED_AVAILABILITY = YES_AGGRESSIVE;
				CLANG_WARN_UNREACHABLE_CODE = YES;
				CLANG_WARN__DUPLICATE_METHOD_MATCH = YES;
				CODE_SIGN_IDENTITY = "iPhone Developer";
				COPY_PHASE_STRIP = NO;
				DEBUG_INFORMATION_FORMAT = "dwarf-with-dsym";
				ENABLE_NS_ASSERTIONS = NO;
				ENABLE_STRICT_OBJC_MSGSEND = YES;
				GCC_C_LANGUAGE_STANDARD = gnu11;
				GCC_NO_COMMON_BLOCKS = YES;
				GCC_WARN_64_TO_32_BIT_CONVERSION = YES;
				GCC_WARN_ABOUT_RETURN_TYPE = YES_ERROR;
				GCC_WARN_UNDECLARED_SELECTOR = YES;
				GCC_WARN_UNINITIALIZED_AUTOS = YES_AGGRESSIVE;
				GCC_WARN_UNUSED_FUNCTION = YES;
				GCC_WARN_UNUSED_VARIABLE = YES;
				IPHONEOS_DEPLOYMENT_TARGET = 11.1;
				MTL_ENABLE_DEBUG_INFO = NO;
				SDKROOT = iphoneos;
				SWIFT_OPTIMIZATION_LEVEL = "-Owholemodule";
				VALIDATE_PRODUCT = YES;
			};
			name = Release;
		};
		27A206891FB7B6C700974084 /* Debug */ = {
			isa = XCBuildConfiguration;
			buildSettings = {
				ASSETCATALOG_COMPILER_APPICON_NAME = AppIcon;
				CODE_SIGN_STYLE = Automatic;
				DEFINES_MODULE = YES;
				DEVELOPMENT_TEAM = 898KUQX63L;
				INFOPLIST_FILE = "Photo Search Example/Info.plist";
				LD_RUNPATH_SEARCH_PATHS = "$(inherited) @executable_path/Frameworks";
				PRODUCT_BUNDLE_IDENTIFIER = "com.carolgreenberg.Photo-Search-Example";
				PRODUCT_NAME = "$(TARGET_NAME)";
				SWIFT_OBJC_BRIDGING_HEADER = bridge.h;
				SWIFT_VERSION = 4.0;
				TARGETED_DEVICE_FAMILY = "1,2";
			};
			name = Debug;
		};
		27A2068A1FB7B6C700974084 /* Release */ = {
			isa = XCBuildConfiguration;
			buildSettings = {
				ASSETCATALOG_COMPILER_APPICON_NAME = AppIcon;
				CODE_SIGN_STYLE = Automatic;
				DEFINES_MODULE = YES;
				DEVELOPMENT_TEAM = 898KUQX63L;
				INFOPLIST_FILE = "Photo Search Example/Info.plist";
				LD_RUNPATH_SEARCH_PATHS = "$(inherited) @executable_path/Frameworks";
				PRODUCT_BUNDLE_IDENTIFIER = "com.carolgreenberg.Photo-Search-Example";
				PRODUCT_NAME = "$(TARGET_NAME)";
				SWIFT_OBJC_BRIDGING_HEADER = bridge.h;
				SWIFT_VERSION = 4.0;
				TARGETED_DEVICE_FAMILY = "1,2";
			};
			name = Release;
		};
/* End XCBuildConfiguration section */

/* Begin XCConfigurationList section */
		27A206711FB7B6C700974084 /* Build configuration list for PBXProject "Photo Search Example" */ = {
			isa = XCConfigurationList;
			buildConfigurations = (
				27A206861FB7B6C700974084 /* Debug */,
				27A206871FB7B6C700974084 /* Release */,
			);
			defaultConfigurationIsVisible = 0;
			defaultConfigurationName = Release;
		};
		27A206881FB7B6C700974084 /* Build configuration list for PBXNativeTarget "Photo Search Example" */ = {
			isa = XCConfigurationList;
			buildConfigurations = (
				27A206891FB7B6C700974084 /* Debug */,
				27A2068A1FB7B6C700974084 /* Release */,
			);
			defaultConfigurationIsVisible = 0;
			defaultConfigurationName = Release;
		};
/* End XCConfigurationList section */
	};
	rootObject = 27A2066E1FB7B6C700974084 /* Project object */;
}
